// !$*UTF8*$!
{
	archiveVersion = 1;
	classes = {
	};
	objectVersion = 56;
	objects = {

/* Begin PBXBuildFile section */
		1F62BF0BE2EF51022276097B /* Generic macOS Application Composition in Frameworks */ = {isa = PBXBuildFile; productRef = 8CB558141054A3F0943A54FA /* Generic macOS Application Composition */; };
		B2B6BC01F5D66A1053BFB5A9 /* Entry.swift in Sources */ = {isa = PBXBuildFile; fileRef = B2B6BC01F5D66A1053BFB5A0 /* Entry.swift */; };
/* End PBXBuildFile section */

/* Begin PBXFileReference section */
		AB00CAF5800C5791DB82A7B7 /* Generic macOS Application.app */ = {isa = PBXFileReference; explicitFileType = wrapper.application; includeInIndex = 0; path = "Generic macOS Application.app"; sourceTree = BUILT_PRODUCTS_DIR; };
		B2B6BC01F5D66A1053BFB5A0 /* Entry.swift */ = {isa = PBXFileReference; lastKnownFileType = sourcecode.swift; path = Entry.swift; sourceTree = "<group>"; };
/* End PBXFileReference section */

/* Begin PBXFrameworksBuildPhase section */
		BE1A38D086953AA78A5F9D91 /* Frameworks */ = {
			isa = PBXFrameworksBuildPhase;
			buildActionMask = 2147483647;
			files = (
				1F62BF0BE2EF51022276097B /* Generic macOS Application Composition in Frameworks */,
			);
			runOnlyForDeploymentPostprocessing = 0;
		};
/* End PBXFrameworksBuildPhase section */

/* Begin PBXGroup section */
		E8963F537970A693E6848DFC /* application */ = {
			isa = PBXGroup;
			children = (
				B2B6BC01F5D66A1053BFB5A0 /* Entry.swift */,
			);
			path = application;
			sourceTree = "<group>";
		};
		37FCF796D87DAF0C5B30B394 /* Products */ = {
			isa = PBXGroup;
			children = (
				AB00CAF5800C5791DB82A7B7 /* Generic macOS Application.app */,
			);
			name = Products;
			sourceTree = "<group>";
		};
		FDAAAE2EFF99F95ED5C6D052 = {
			isa = PBXGroup;
			children = (
				E8963F537970A693E6848DFC /* application */,
				37FCF796D87DAF0C5B30B394 /* Products */,
			);
			sourceTree = "<group>";
		};
/* End PBXGroup section */

/* Begin PBXNativeTarget section */
		5C74B55AF1A0A8AC401CB694 /* Generic macOS Application */ = {
			isa = PBXNativeTarget;
			buildConfigurationList = B159FE1031ADEF25C853072D /* Build configuration list for PBXNativeTarget "Generic macOS Application" */;
			buildPhases = (
				CEE5A25A02234E066B4CDF51 /* Sources */,
				BE1A38D086953AA78A5F9D91 /* Frameworks */,
			);
			buildRules = (
			);
			dependencies = (
			);
			name = "Generic macOS Application";
			packageProductDependencies = (
				8CB558141054A3F0943A54FA /* Generic macOS Application Composition */,
			);
			productName = "Generic macOS Application";
			productReference = AB00CAF5800C5791DB82A7B7 /* Generic macOS Application.app */;
			productType = "com.apple.product-type.application";
		};
/* End PBXNativeTarget section */

/* Begin PBXProject section */
		05DB95EAC1E4926FCB808092 /* Project object */ = {
			isa = PBXProject;
			attributes = {
				BuildIndependentTargetsInParallel = 1;
				LastSwiftUpdateCheck = 1600;
				LastUpgradeCheck = 1600;
				TargetAttributes = {
					5C74B55AF1A0A8AC401CB694 = {
						CreatedOnToolsVersion = 16.0;
					};
				};
			};
			buildConfigurationList = F24D333B01A1633E527CFF87 /* Build configuration list for PBXProject "Generic macOS Application" */;
			compatibilityVersion = "Xcode 14.0";
			developmentRegion = en;
			hasScannedForEncodings = 0;
			knownRegions = (
				en,
				Base,
			);
			mainGroup = FDAAAE2EFF99F95ED5C6D052;
			packageReferences = (
				405F7CCABC2306346018E938 /* XCLocalSwiftPackageReference ".." */,
			);
			productRefGroup = 37FCF796D87DAF0C5B30B394 /* Products */;
			projectDirPath = "";
			projectRoot = "";
			targets = (
				5C74B55AF1A0A8AC401CB694 /* Generic macOS Application */,
			);
		};
/* End PBXProject section */

/* Begin PBXSourcesBuildPhase section */
		CEE5A25A02234E066B4CDF51 /* Sources */ = {
			isa = PBXSourcesBuildPhase;
			buildActionMask = 2147483647;
			files = (
				B2B6BC01F5D66A1053BFB5A9 /* Entry.swift in Sources */,
			);
			runOnlyForDeploymentPostprocessing = 0;
		};
/* End PBXSourcesBuildPhase section */

/* Begin XCBuildConfiguration section */
		E9C54CDB8A7C4B4782E8846D /* Debug */ = {
			isa = XCBuildConfiguration;
			buildSettings = {
				ALWAYS_SEARCH_USER_PATHS = NO;
				CLANG_ENABLE_MODULES = YES;
				CLANG_ENABLE_OBJC_ARC = YES;
				CODE_SIGN_STYLE = Automatic;
				COPY_PHASE_STRIP = NO;
				DEBUG_INFORMATION_FORMAT = dwarf;
				ENABLE_TESTABILITY = YES;
				GCC_C_LANGUAGE_STANDARD = gnu17;
				GCC_OPTIMIZATION_LEVEL = 0;
				GCC_PREPROCESSOR_DEFINITIONS = (
					"DEBUG=1",
					"$(inherited)",
				);
				IPHONEOS_DEPLOYMENT_TARGET = 26.0;
				MACOSX_DEPLOYMENT_TARGET = 26.0;
				MTL_ENABLE_DEBUG_INFO = INCLUDE_SOURCE;
				ONLY_ACTIVE_ARCH = YES;
				SDKROOT = auto;
				SUPPORTED_PLATFORMS = "iphoneos iphonesimulator macosx";
				SUPPORTS_MACCATALYST = NO;
				SWIFT_ACTIVE_COMPILATION_CONDITIONS = DEBUG;
				SWIFT_OPTIMIZATION_LEVEL = "-Onone";
				SWIFT_VERSION = 6.0;
			};
			name = Debug;
		};
		A3A4B06A14196D05348AA90A /* Release */ = {
			isa = XCBuildConfiguration;
			buildSettings = {
				ALWAYS_SEARCH_USER_PATHS = NO;
				CLANG_ENABLE_MODULES = YES;
				CLANG_ENABLE_OBJC_ARC = YES;
				CODE_SIGN_STYLE = Automatic;
				COPY_PHASE_STRIP = NO;
				DEBUG_INFORMATION_FORMAT = "dwarf-with-dsym";
				GCC_C_LANGUAGE_STANDARD = gnu17;
				IPHONEOS_DEPLOYMENT_TARGET = 26.0;
				MACOSX_DEPLOYMENT_TARGET = 26.0;
				MTL_ENABLE_DEBUG_INFO = NO;
				SDKROOT = auto;
				SUPPORTED_PLATFORMS = "iphoneos iphonesimulator macosx";
				SUPPORTS_MACCATALYST = NO;
				SWIFT_COMPILATION_MODE = wholemodule;
				SWIFT_VERSION = 6.0;
			};
			name = Release;
		};
		7B799542A297E749671E3B94 /* Debug */ = {
			isa = XCBuildConfiguration;
			buildSettings = {
				ASSETCATALOG_COMPILER_GENERATE_SWIFT_ASSET_SYMBOL_EXTENSIONS = YES;
				CODE_SIGN_STYLE = Automatic;
				CURRENT_PROJECT_VERSION = 1;
				ENABLE_PREVIEWS = YES;
				GENERATE_INFOPLIST_FILE = YES;
				INFOPLIST_KEY_UIApplicationSceneManifest_Generation = YES;
				INFOPLIST_KEY_UILaunchScreen_Generation = YES;
				INFOPLIST_KEY_UISupportedInterfaceOrientations = "UIInterfaceOrientationPortrait UIInterfaceOrientationLandscapeLeft UIInterfaceOrientationLandscapeRight";
				LD_RUNPATH_SEARCH_PATHS = (
					"$(inherited)",
					"@executable_path/../Frameworks",
				);
				MARKETING_VERSION = 1.0;
				PRODUCT_BUNDLE_IDENTIFIER = "org.swift-foundations.generic-macos-application";
				PRODUCT_NAME = "$(TARGET_NAME)";
				SWIFT_EMIT_LOC_STRINGS = YES;
				TARGETED_DEVICE_FAMILY = "1,2";
			};
			name = Debug;
		};
		5D06BA3AB427FDF3B7DCC636 /* Release */ = {
			isa = XCBuildConfiguration;
			buildSettings = {
				ASSETCATALOG_COMPILER_GENERATE_SWIFT_ASSET_SYMBOL_EXTENSIONS = YES;
				CODE_SIGN_STYLE = Automatic;
				CURRENT_PROJECT_VERSION = 1;
				ENABLE_PREVIEWS = YES;
				GENERATE_INFOPLIST_FILE = YES;
				INFOPLIST_KEY_UIApplicationSceneManifest_Generation = YES;
				INFOPLIST_KEY_UILaunchScreen_Generation = YES;
				INFOPLIST_KEY_UISupportedInterfaceOrientations = "UIInterfaceOrientationPortrait UIInterfaceOrientationLandscapeLeft UIInterfaceOrientationLandscapeRight";
				LD_RUNPATH_SEARCH_PATHS = (
					"$(inherited)",
					"@executable_path/../Frameworks",
				);
				MARKETING_VERSION = 1.0;
				PRODUCT_BUNDLE_IDENTIFIER = "org.swift-foundations.generic-macos-application";
				PRODUCT_NAME = "$(TARGET_NAME)";
				SWIFT_EMIT_LOC_STRINGS = YES;
				TARGETED_DEVICE_FAMILY = "1,2";
			};
			name = Release;
		};
/* End XCBuildConfiguration section */

/* Begin XCConfigurationList section */
		F24D333B01A1633E527CFF87 /* Build configuration list for PBXProject "Generic macOS Application" */ = {
			isa = XCConfigurationList;
			buildConfigurations = (
				E9C54CDB8A7C4B4782E8846D /* Debug */,
				A3A4B06A14196D05348AA90A /* Release */,
			);
			defaultConfigurationIsVisible = 0;
			defaultConfigurationName = Release;
		};
		B159FE1031ADEF25C853072D /* Build configuration list for PBXNativeTarget "Generic macOS Application" */ = {
			isa = XCConfigurationList;
			buildConfigurations = (
				7B799542A297E749671E3B94 /* Debug */,
				5D06BA3AB427FDF3B7DCC636 /* Release */,
			);
			defaultConfigurationIsVisible = 0;
			defaultConfigurationName = Release;
		};
/* End XCConfigurationList section */

/* Begin XCLocalSwiftPackageReference section */
		405F7CCABC2306346018E938 /* XCLocalSwiftPackageReference ".." */ = {
			isa = XCLocalSwiftPackageReference;
			relativePath = ".";
		};
/* End XCLocalSwiftPackageReference section */

/* Begin XCSwiftPackageProductDependency section */
		8CB558141054A3F0943A54FA /* Generic macOS Application Composition */ = {
			isa = XCSwiftPackageProductDependency;
			productName = "Generic macOS Application Composition";
		};
/* End XCSwiftPackageProductDependency section */
	};
	rootObject = 05DB95EAC1E4926FCB808092 /* Project object */;
}
